
Microsoft Visual Studio Solution File, Format Version 12.00
# Visual Studio Version 17
VisualStudioVersion = 17.12.35728.132
MinimumVisualStudioVersion = 10.0.40219.1
Project("{2150E333-8FDC-42A3-9474-1A3956D46DE8}") = "src", "src", "{77572B8E-F9D5-496E-995B-2E9C33106CA9}"
EndProject
Project("{2150E333-8FDC-42A3-9474-1A3956D46DE8}") = "tests", "tests", "{10DC6C5D-A000-407F-997D-0AC38FB5CDC8}"
EndProject
Project("{FAE04EC0-301F-11D3-BF4B-00C04F79EFBC}") = "CashFlow.Api", "src\CashFlow.Api\CashFlow.Api.csproj", "{993E5FF5-F8F7-45BF-80F6-DD9666871AAE}"
EndProject
Project("{FAE04EC0-301F-11D3-BF4B-00C04F79EFBC}") = "CashFlow.Domain", "src\CashFlow.Domain\CashFlow.Domain.csproj", "{1487476D-2CB3-412D-9D13-45F30C4D8A6E}"
EndProject
Project("{FAE04EC0-301F-11D3-BF4B-00C04F79EFBC}") = "CashFlow.Application", "src\CashFlow.Application\CashFlow.Application.csproj", "{BBE4C8C3-F9A8-4909-B1A9-359211715749}"
EndProject
Project("{FAE04EC0-301F-11D3-BF4B-00C04F79EFBC}") = "CashFlow.Communication", "src\CashFlow.Communication\CashFlow.Communication.csproj", "{FD06E099-B1EC-4A9E-950B-24C7A101D94D}"
EndProject
Project("{FAE04EC0-301F-11D3-BF4B-00C04F79EFBC}") = "CashFlow.Exception", "src\CashFlow.Exception\CashFlow.Exception.csproj", "{406796F9-2D2F-49EF-B904-2FA0A2F358EC}"
EndProject
Project("{FAE04EC0-301F-11D3-BF4B-00C04F79EFBC}") = "CashFlow.Infrastructure", "src\CashFlow.Infrastructure\CashFlow.Infrastructure.csproj", "{B985E11F-2BDA-47D0-AFA9-10FBC2100766}"
EndProject
Project("{FAE04EC0-301F-11D3-BF4B-00C04F79EFBC}") = "Validators.Tests", "tests\Validators.Tests\Validators.Tests.csproj", "{62D09E2E-881D-4E4D-B588-A498C9F7269B}"
EndProject
Global
	GlobalSection(SolutionConfigurationPlatforms) = preSolution
		Debug|Any CPU = Debug|Any CPU
		Release|Any CPU = Release|Any CPU
	EndGlobalSection
	GlobalSection(ProjectConfigurationPlatforms) = postSolution
		{993E5FF5-F8F7-45BF-80F6-DD9666871AAE}.Debug|Any CPU.ActiveCfg = Debug|Any CPU
		{993E5FF5-F8F7-45BF-80F6-DD9666871AAE}.Debug|Any CPU.Build.0 = Debug|Any CPU
		{993E5FF5-F8F7-45BF-80F6-DD9666871AAE}.Release|Any CPU.ActiveCfg = Release|Any CPU
		{993E5FF5-F8F7-45BF-80F6-DD9666871AAE}.Release|Any CPU.Build.0 = Release|Any CPU
		{1487476D-2CB3-412D-9D13-45F30C4D8A6E}.Debug|Any CPU.ActiveCfg = Debug|Any CPU
		{1487476D-2CB3-412D-9D13-45F30C4D8A6E}.Debug|Any CPU.Build.0 = Debug|Any CPU
		{1487476D-2CB3-412D-9D13-45F30C4D8A6E}.Release|Any CPU.ActiveCfg = Release|Any CPU
		{1487476D-2CB3-412D-9D13-45F30C4D8A6E}.Release|Any CPU.Build.0 = Release|Any CPU
		{BBE4C8C3-F9A8-4909-B1A9-359211715749}.Debug|Any CPU.ActiveCfg = Debug|Any CPU
		{BBE4C8C3-F9A8-4909-B1A9-359211715749}.Debug|Any CPU.Build.0 = Debug|Any CPU
		{BBE4C8C3-F9A8-4909-B1A9-359211715749}.Release|Any CPU.ActiveCfg = Release|Any CPU
		{BBE4C8C3-F9A8-4909-B1A9-359211715749}.Release|Any CPU.Build.0 = Release|Any CPU
		{FD06E099-B1EC-4A9E-950B-24C7A101D94D}.Debug|Any CPU.ActiveCfg = Debug|Any CPU
		{FD06E099-B1EC-4A9E-950B-24C7A101D94D}.Debug|Any CPU.Build.0 = Debug|Any CPU
		{FD06E099-B1EC-4A9E-950B-24C7A101D94D}.Release|Any CPU.ActiveCfg = Release|Any CPU
		{FD06E099-B1EC-4A9E-950B-24C7A101D94D}.Release|Any CPU.Build.0 = Release|Any CPU
		{406796F9-2D2F-49EF-B904-2FA0A2F358EC}.Debug|Any CPU.ActiveCfg = Debug|Any CPU
		{406796F9-2D2F-49EF-B904-2FA0A2F358EC}.Debug|Any CPU.Build.0 = Debug|Any CPU
		{406796F9-2D2F-49EF-B904-2FA0A2F358EC}.Release|Any CPU.ActiveCfg = Release|Any CPU
		{406796F9-2D2F-49EF-B904-2FA0A2F358EC}.Release|Any CPU.Build.0 = Release|Any CPU
		{B985E11F-2BDA-47D0-AFA9-10FBC2100766}.Debug|Any CPU.ActiveCfg = Debug|Any CPU
		{B985E11F-2BDA-47D0-AFA9-10FBC2100766}.Debug|Any CPU.Build.0 = Debug|Any CPU
		{B985E11F-2BDA-47D0-AFA9-10FBC2100766}.Release|Any CPU.ActiveCfg = Release|Any CPU
		{B985E11F-2BDA-47D0-AFA9-10FBC2100766}.Release|Any CPU.Build.0 = Release|Any CPU
		{62D09E2E-881D-4E4D-B588-A498C9F7269B}.Debug|Any CPU.ActiveCfg = Debug|Any CPU
		{62D09E2E-881D-4E4D-B588-A498C9F7269B}.Debug|Any CPU.Build.0 = Debug|Any CPU
		{62D09E2E-881D-4E4D-B588-A498C9F7269B}.Release|Any CPU.ActiveCfg = Release|Any CPU
		{62D09E2E-881D-4E4D-B588-A498C9F7269B}.Release|Any CPU.Build.0 = Release|Any CPU
	EndGlobalSection
	GlobalSection(SolutionProperties) = preSolution
		HideSolutionNode = FALSE
	EndGlobalSection
	GlobalSection(NestedProjects) = preSolution
		{993E5FF5-F8F7-45BF-80F6-DD9666871AAE} = {77572B8E-F9D5-496E-995B-2E9C33106CA9}
		{1487476D-2CB3-412D-9D13-45F30C4D8A6E} = {77572B8E-F9D5-496E-995B-2E9C33106CA9}
		{BBE4C8C3-F9A8-4909-B1A9-359211715749} = {77572B8E-F9D5-496E-995B-2E9C33106CA9}
		{FD06E099-B1EC-4A9E-950B-24C7A101D94D} = {77572B8E-F9D5-496E-995B-2E9C33106CA9}
		{406796F9-2D2F-49EF-B904-2FA0A2F358EC} = {77572B8E-F9D5-496E-995B-2E9C33106CA9}
		{B985E11F-2BDA-47D0-AFA9-10FBC2100766} = {77572B8E-F9D5-496E-995B-2E9C33106CA9}
		{62D09E2E-881D-4E4D-B588-A498C9F7269B} = {10DC6C5D-A000-407F-997D-0AC38FB5CDC8}
	EndGlobalSection
EndGlobal
